// !$*UTF8*$!
{
	archiveVersion = 1;
	classes = {
	};
	objectVersion = 46;
	objects = {

/* Begin PBXBuildFile section */
		26A7EDA918163DF000EB6EB6 /* Foundation.framework in Frameworks */ = {isa = PBXBuildFile; fileRef = 26A7EDA818163DF000EB6EB6 /* Foundation.framework */; };
		26A7EDAB18163DF000EB6EB6 /* CoreGraphics.framework in Frameworks */ = {isa = PBXBuildFile; fileRef = 26A7EDAA18163DF000EB6EB6 /* CoreGraphics.framework */; };
		26A7EDAD18163DF000EB6EB6 /* UIKit.framework in Frameworks */ = {isa = PBXBuildFile; fileRef = 26A7EDAC18163DF000EB6EB6 /* UIKit.framework */; };
		26A7EDB318163DF000EB6EB6 /* InfoPlist.strings in Resources */ = {isa = PBXBuildFile; fileRef = 26A7EDB118163DF000EB6EB6 /* InfoPlist.strings */; };
		26A7EDB518163DF000EB6EB6 /* main.m in Sources */ = {isa = PBXBuildFile; fileRef = 26A7EDB418163DF000EB6EB6 /* main.m */; };
		26A7EDB918163DF000EB6EB6 /* CCAppDelegate.m in Sources */ = {isa = PBXBuildFile; fileRef = 26A7EDB818163DF000EB6EB6 /* CCAppDelegate.m */; };
		26A7EDBC18163DF000EB6EB6 /* Main.storyboard in Resources */ = {isa = PBXBuildFile; fileRef = 26A7EDBA18163DF000EB6EB6 /* Main.storyboard */; };
		26A7EDBF18163DF000EB6EB6 /* CCViewController.m in Sources */ = {isa = PBXBuildFile; fileRef = 26A7EDBE18163DF000EB6EB6 /* CCViewController.m */; };
		26A7EDC118163DF100EB6EB6 /* Images.xcassets in Resources */ = {isa = PBXBuildFile; fileRef = 26A7EDC018163DF100EB6EB6 /* Images.xcassets */; };
		26A7EDC818163DF100EB6EB6 /* XCTest.framework in Frameworks */ = {isa = PBXBuildFile; fileRef = 26A7EDC718163DF100EB6EB6 /* XCTest.framework */; };
		26A7EDC918163DF100EB6EB6 /* Foundation.framework in Frameworks */ = {isa = PBXBuildFile; fileRef = 26A7EDA818163DF000EB6EB6 /* Foundation.framework */; };
		26A7EDCA18163DF100EB6EB6 /* UIKit.framework in Frameworks */ = {isa = PBXBuildFile; fileRef = 26A7EDAC18163DF000EB6EB6 /* UIKit.framework */; };
		26A7EDD218163DF200EB6EB6 /* InfoPlist.strings in Resources */ = {isa = PBXBuildFile; fileRef = 26A7EDD018163DF200EB6EB6 /* InfoPlist.strings */; };
		26A7EDD418163DF200EB6EB6 /* Git_TestTests.m in Sources */ = {isa = PBXBuildFile; fileRef = 26A7EDD318163DF200EB6EB6 /* Git_TestTests.m */; };
		26A7EDDF181643EC00EB6EB6 /* CCTest.m in Sources */ = {isa = PBXBuildFile; fileRef = 26A7EDDE181643EC00EB6EB6 /* CCTest.m */; };
/* End PBXBuildFile section */

/* Begin PBXContainerItemProxy section */
		26A7EDCB18163DF100EB6EB6 /* PBXContainerItemProxy */ = {
			isa = PBXContainerItemProxy;
			containerPortal = 26A7ED9D18163DF000EB6EB6 /* Project object */;
			proxyType = 1;
			remoteGlobalIDString = 26A7EDA418163DF000EB6EB6;
			remoteInfo = "Git Test";
		};
/* End PBXContainerItemProxy section */

/* Begin PBXFileReference section */
		26A7EDA518163DF000EB6EB6 /* Git Test.app */ = {isa = PBXFileReference; explicitFileType = wrapper.application; includeInIndex = 0; path = "Git Test.app"; sourceTree = BUILT_PRODUCTS_DIR; };
		26A7EDA818163DF000EB6EB6 /* Foundation.framework */ = {isa = PBXFileReference; lastKnownFileType = wrapper.framework; name = Foundation.framework; path = System/Library/Frameworks/Foundation.framework; sourceTree = SDKROOT; };
		26A7EDAA18163DF000EB6EB6 /* CoreGraphics.framework */ = {isa = PBXFileReference; lastKnownFileType = wrapper.framework; name = CoreGraphics.framework; path = System/Library/Frameworks/CoreGraphics.framework; sourceTree = SDKROOT; };
		26A7EDAC18163DF000EB6EB6 /* UIKit.framework */ = {isa = PBXFileReference; lastKnownFileType = wrapper.framework; name = UIKit.framework; path = System/Library/Frameworks/UIKit.framework; sourceTree = SDKROOT; };
		26A7EDB018163DF000EB6EB6 /* Git Test-Info.plist */ = {isa = PBXFileReference; lastKnownFileType = text.plist.xml; path = "Git Test-Info.plist"; sourceTree = "<group>"; };
		26A7EDB218163DF000EB6EB6 /* en */ = {isa = PBXFileReference; lastKnownFileType = text.plist.strings; name = en; path = en.lproj/InfoPlist.strings; sourceTree = "<group>"; };
		26A7EDB418163DF000EB6EB6 /* main.m */ = {isa = PBXFileReference; lastKnownFileType = sourcecode.c.objc; path = main.m; sourceTree = "<group>"; };
		26A7EDB618163DF000EB6EB6 /* Git Test-Prefix.pch */ = {isa = PBXFileReference; lastKnownFileType = sourcecode.c.h; path = "Git Test-Prefix.pch"; sourceTree = "<group>"; };
		26A7EDB718163DF000EB6EB6 /* CCAppDelegate.h */ = {isa = PBXFileReference; lastKnownFileType = sourcecode.c.h; path = CCAppDelegate.h; sourceTree = "<group>"; };
		26A7EDB818163DF000EB6EB6 /* CCAppDelegate.m */ = {isa = PBXFileReference; lastKnownFileType = sourcecode.c.objc; path = CCAppDelegate.m; sourceTree = "<group>"; };
		26A7EDBB18163DF000EB6EB6 /* Base */ = {isa = PBXFileReference; lastKnownFileType = file.storyboard; name = Base; path = Base.lproj/Main.storyboard; sourceTree = "<group>"; };
		26A7EDBD18163DF000EB6EB6 /* CCViewController.h */ = {isa = PBXFileReference; lastKnownFileType = sourcecode.c.h; path = CCViewController.h; sourceTree = "<group>"; };
		26A7EDBE18163DF000EB6EB6 /* CCViewController.m */ = {isa = PBXFileReference; lastKnownFileType = sourcecode.c.objc; path = CCViewController.m; sourceTree = "<group>"; };
		26A7EDC018163DF100EB6EB6 /* Images.xcassets */ = {isa = PBXFileReference; lastKnownFileType = folder.assetcatalog; path = Images.xcassets; sourceTree = "<group>"; };
		26A7EDC618163DF100EB6EB6 /* Git TestTests.xctest */ = {isa = PBXFileReference; explicitFileType = wrapper.cfbundle; includeInIndex = 0; path = "Git TestTests.xctest"; sourceTree = BUILT_PRODUCTS_DIR; };
		26A7EDC718163DF100EB6EB6 /* XCTest.framework */ = {isa = PBXFileReference; lastKnownFileType = wrapper.framework; name = XCTest.framework; path = Library/Frameworks/XCTest.framework; sourceTree = DEVELOPER_DIR; };
		26A7EDCF18163DF200EB6EB6 /* Git TestTests-Info.plist */ = {isa = PBXFileReference; lastKnownFileType = text.plist.xml; path = "Git TestTests-Info.plist"; sourceTree = "<group>"; };
		26A7EDD118163DF200EB6EB6 /* en */ = {isa = PBXFileReference; lastKnownFileType = text.plist.strings; name = en; path = en.lproj/InfoPlist.strings; sourceTree = "<group>"; };
		26A7EDD318163DF200EB6EB6 /* Git_TestTests.m */ = {isa = PBXFileReference; lastKnownFileType = sourcecode.c.objc; path = Git_TestTests.m; sourceTree = "<group>"; };
		26A7EDDD181643EC00EB6EB6 /* CCTest.h */ = {isa = PBXFileReference; fileEncoding = 4; lastKnownFileType = sourcecode.c.h; path = CCTest.h; sourceTree = "<group>"; };
		26A7EDDE181643EC00EB6EB6 /* CCTest.m */ = {isa = PBXFileReference; fileEncoding = 4; lastKnownFileType = sourcecode.c.objc; path = CCTest.m; sourceTree = "<group>"; };
/* End PBXFileReference section */

/* Begin PBXFrameworksBuildPhase section */
		26A7EDA218163DF000EB6EB6 /* Frameworks */ = {
			isa = PBXFrameworksBuildPhase;
			buildActionMask = 2147483647;
			files = (
				26A7EDAB18163DF000EB6EB6 /* CoreGraphics.framework in Frameworks */,
				26A7EDAD18163DF000EB6EB6 /* UIKit.framework in Frameworks */,
				26A7EDA918163DF000EB6EB6 /* Foundation.framework in Frameworks */,
			);
			runOnlyForDeploymentPostprocessing = 0;
		};
		26A7EDC318163DF100EB6EB6 /* Frameworks */ = {
			isa = PBXFrameworksBuildPhase;
			buildActionMask = 2147483647;
			files = (
				26A7EDC818163DF100EB6EB6 /* XCTest.framework in Frameworks */,
				26A7EDCA18163DF100EB6EB6 /* UIKit.framework in Frameworks */,
				26A7EDC918163DF100EB6EB6 /* Foundation.framework in Frameworks */,
			);
			runOnlyForDeploymentPostprocessing = 0;
		};
/* End PBXFrameworksBuildPhase section */

/* Begin PBXGroup section */
		26A7ED9C18163DF000EB6EB6 = {
			isa = PBXGroup;
			children = (
				26A7EDAE18163DF000EB6EB6 /* Git Test */,
				26A7EDCD18163DF100EB6EB6 /* Git TestTests */,
				26A7EDA718163DF000EB6EB6 /* Frameworks */,
				26A7EDA618163DF000EB6EB6 /* Products */,
			);
			sourceTree = "<group>";
		};
		26A7EDA618163DF000EB6EB6 /* Products */ = {
			isa = PBXGroup;
			children = (
				26A7EDA518163DF000EB6EB6 /* Git Test.app */,
				26A7EDC618163DF100EB6EB6 /* Git TestTests.xctest */,
			);
			name = Products;
			sourceTree = "<group>";
		};
		26A7EDA718163DF000EB6EB6 /* Frameworks */ = {
			isa = PBXGroup;
			children = (
				26A7EDA818163DF000EB6EB6 /* Foundation.framework */,
				26A7EDAA18163DF000EB6EB6 /* CoreGraphics.framework */,
				26A7EDAC18163DF000EB6EB6 /* UIKit.framework */,
				26A7EDC718163DF100EB6EB6 /* XCTest.framework */,
			);
			name = Frameworks;
			sourceTree = "<group>";
		};
		26A7EDAE18163DF000EB6EB6 /* Git Test */ = {
			isa = PBXGroup;
			children = (
				26A7EDB718163DF000EB6EB6 /* CCAppDelegate.h */,
				26A7EDB818163DF000EB6EB6 /* CCAppDelegate.m */,
				26A7EDBA18163DF000EB6EB6 /* Main.storyboard */,
				26A7EDBD18163DF000EB6EB6 /* CCViewController.h */,
				26A7EDBE18163DF000EB6EB6 /* CCViewController.m */,
				26A7EDC018163DF100EB6EB6 /* Images.xcassets */,
				26A7EDAF18163DF000EB6EB6 /* Supporting Files */,
				26A7EDDD181643EC00EB6EB6 /* CCTest.h */,
				26A7EDDE181643EC00EB6EB6 /* CCTest.m */,
			);
			path = "Git Test";
			sourceTree = "<group>";
		};
		26A7EDAF18163DF000EB6EB6 /* Supporting Files */ = {
			isa = PBXGroup;
			children = (
				26A7EDB018163DF000EB6EB6 /* Git Test-Info.plist */,
				26A7EDB118163DF000EB6EB6 /* InfoPlist.strings */,
				26A7EDB418163DF000EB6EB6 /* main.m */,
				26A7EDB618163DF000EB6EB6 /* Git Test-Prefix.pch */,
			);
			name = "Supporting Files";
			sourceTree = "<group>";
		};
		26A7EDCD18163DF100EB6EB6 /* Git TestTests */ = {
			isa = PBXGroup;
			children = (
				26A7EDD318163DF200EB6EB6 /* Git_TestTests.m */,
				26A7EDCE18163DF200EB6EB6 /* Supporting Files */,
			);
			path = "Git TestTests";
			sourceTree = "<group>";
		};
		26A7EDCE18163DF200EB6EB6 /* Supporting Files */ = {
			isa = PBXGroup;
			children = (
				26A7EDCF18163DF200EB6EB6 /* Git TestTests-Info.plist */,
				26A7EDD018163DF200EB6EB6 /* InfoPlist.strings */,
			);
			name = "Supporting Files";
			sourceTree = "<group>";
		};
/* End PBXGroup section */

/* Begin PBXNativeTarget section */
		26A7EDA418163DF000EB6EB6 /* Git Test */ = {
			isa = PBXNativeTarget;
			buildConfigurationList = 26A7EDD718163DF200EB6EB6 /* Build configuration list for PBXNativeTarget "Git Test" */;
			buildPhases = (
				26A7EDA118163DF000EB6EB6 /* Sources */,
				26A7EDA218163DF000EB6EB6 /* Frameworks */,
				26A7EDA318163DF000EB6EB6 /* Resources */,
			);
			buildRules = (
			);
			dependencies = (
			);
			name = "Git Test";
			productName = "Git Test";
			productReference = 26A7EDA518163DF000EB6EB6 /* Git Test.app */;
			productType = "com.apple.product-type.application";
		};
		26A7EDC518163DF100EB6EB6 /* Git TestTests */ = {
			isa = PBXNativeTarget;
			buildConfigurationList = 26A7EDDA18163DF200EB6EB6 /* Build configuration list for PBXNativeTarget "Git TestTests" */;
			buildPhases = (
				26A7EDC218163DF100EB6EB6 /* Sources */,
				26A7EDC318163DF100EB6EB6 /* Frameworks */,
				26A7EDC418163DF100EB6EB6 /* Resources */,
			);
			buildRules = (
			);
			dependencies = (
				26A7EDCC18163DF100EB6EB6 /* PBXTargetDependency */,
			);
			name = "Git TestTests";
			productName = "Git TestTests";
			productReference = 26A7EDC618163DF100EB6EB6 /* Git TestTests.xctest */;
			productType = "com.apple.product-type.bundle.unit-test";
		};
/* End PBXNativeTarget section */

/* Begin PBXProject section */
		26A7ED9D18163DF000EB6EB6 /* Project object */ = {
			isa = PBXProject;
			attributes = {
				CLASSPREFIX = CC;
				LastUpgradeCheck = 0500;
				ORGANIZATIONNAME = "Code Coalition";
				TargetAttributes = {
					26A7EDC518163DF100EB6EB6 = {
						TestTargetID = 26A7EDA418163DF000EB6EB6;
					};
				};
			};
			buildConfigurationList = 26A7EDA018163DF000EB6EB6 /* Build configuration list for PBXProject "Git Test" */;
			compatibilityVersion = "Xcode 3.2";
			developmentRegion = English;
			hasScannedForEncodings = 0;
			knownRegions = (
				en,
				Base,
			);
			mainGroup = 26A7ED9C18163DF000EB6EB6;
			productRefGroup = 26A7EDA618163DF000EB6EB6 /* Products */;
			projectDirPath = "";
			projectRoot = "";
			targets = (
				26A7EDA418163DF000EB6EB6 /* Git Test */,
				26A7EDC518163DF100EB6EB6 /* Git TestTests */,
			);
		};
/* End PBXProject section */

/* Begin PBXResourcesBuildPhase section */
		26A7EDA318163DF000EB6EB6 /* Resources */ = {
			isa = PBXResourcesBuildPhase;
			buildActionMask = 2147483647;
			files = (
				26A7EDC118163DF100EB6EB6 /* Images.xcassets in Resources */,
				26A7EDB318163DF000EB6EB6 /* InfoPlist.strings in Resources */,
				26A7EDBC18163DF000EB6EB6 /* Main.storyboard in Resources */,
			);
			runOnlyForDeploymentPostprocessing = 0;
		};
		26A7EDC418163DF100EB6EB6 /* Resources */ = {
			isa = PBXResourcesBuildPhase;
			buildActionMask = 2147483647;
			files = (
				26A7EDD218163DF200EB6EB6 /* InfoPlist.strings in Resources */,
			);
			runOnlyForDeploymentPostprocessing = 0;
		};
/* End PBXResourcesBuildPhase section */

/* Begin PBXSourcesBuildPhase section */
		26A7EDA118163DF000EB6EB6 /* Sources */ = {
			isa = PBXSourcesBuildPhase;
			buildActionMask = 2147483647;
			files = (
				26A7EDB918163DF000EB6EB6 /* CCAppDelegate.m in Sources */,
				26A7EDDF181643EC00EB6EB6 /* CCTest.m in Sources */,
				26A7EDB518163DF000EB6EB6 /* main.m in Sources */,
				26A7EDBF18163DF000EB6EB6 /* CCViewController.m in Sources */,
			);
			runOnlyForDeploymentPostprocessing = 0;
		};
		26A7EDC218163DF100EB6EB6 /* Sources */ = {
			isa = PBXSourcesBuildPhase;
			buildActionMask = 2147483647;
			files = (
				26A7EDD418163DF200EB6EB6 /* Git_TestTests.m in Sources */,
			);
			runOnlyForDeploymentPostprocessing = 0;
		};
/* End PBXSourcesBuildPhase section */

/* Begin PBXTargetDependency section */
		26A7EDCC18163DF100EB6EB6 /* PBXTargetDependency */ = {
			isa = PBXTargetDependency;
			target = 26A7EDA418163DF000EB6EB6 /* Git Test */;
			targetProxy = 26A7EDCB18163DF100EB6EB6 /* PBXContainerItemProxy */;
		};
/* End PBXTargetDependency section */

/* Begin PBXVariantGroup section */
		26A7EDB118163DF000EB6EB6 /* InfoPlist.strings */ = {
			isa = PBXVariantGroup;
			children = (
				26A7EDB218163DF000EB6EB6 /* en */,
			);
			name = InfoPlist.strings;
			sourceTree = "<group>";
		};
		26A7EDBA18163DF000EB6EB6 /* Main.storyboard */ = {
			isa = PBXVariantGroup;
			children = (
				26A7EDBB18163DF000EB6EB6 /* Base */,
			);
			name = Main.storyboard;
			sourceTree = "<group>";
		};
		26A7EDD018163DF200EB6EB6 /* InfoPlist.strings */ = {
			isa = PBXVariantGroup;
			children = (
				26A7EDD118163DF200EB6EB6 /* en */,
			);
			name = InfoPlist.strings;
			sourceTree = "<group>";
		};
/* End PBXVariantGroup section */

/* Begin XCBuildConfiguration section */
		26A7EDD518163DF200EB6EB6 /* Debug */ = {
			isa = XCBuildConfiguration;
			buildSettings = {
				ALWAYS_SEARCH_USER_PATHS = NO;
				ARCHS = "$(ARCHS_STANDARD_INCLUDING_64_BIT)";
				CLANG_CXX_LANGUAGE_STANDARD = "gnu++0x";
				CLANG_CXX_LIBRARY = "libc++";
				CLANG_ENABLE_MODULES = YES;
				CLANG_ENABLE_OBJC_ARC = YES;
				CLANG_WARN_BOOL_CONVERSION = YES;
				CLANG_WARN_CONSTANT_CONVERSION = YES;
				CLANG_WARN_DIRECT_OBJC_ISA_USAGE = YES_ERROR;
				CLANG_WARN_EMPTY_BODY = YES;
				CLANG_WARN_ENUM_CONVERSION = YES;
				CLANG_WARN_INT_CONVERSION = YES;
				CLANG_WARN_OBJC_ROOT_CLASS = YES_ERROR;
				CLANG_WARN__DUPLICATE_METHOD_MATCH = YES;
				"CODE_SIGN_IDENTITY[sdk=iphoneos*]" = "iPhone Developer";
				COPY_PHASE_STRIP = NO;
				GCC_C_LANGUAGE_STANDARD = gnu99;
				GCC_DYNAMIC_NO_PIC = NO;
				GCC_OPTIMIZATION_LEVEL = 0;
				GCC_PREPROCESSOR_DEFINITIONS = (
					"DEBUG=1",
					"$(inherited)",
				);
				GCC_SYMBOLS_PRIVATE_EXTERN = NO;
				GCC_WARN_64_TO_32_BIT_CONVERSION = YES;
				GCC_WARN_ABOUT_RETURN_TYPE = YES_ERROR;
				GCC_WARN_UNDECLARED_SELECTOR = YES;
				GCC_WARN_UNINITIALIZED_AUTOS = YES;
				GCC_WARN_UNUSED_FUNCTION = YES;
				GCC_WARN_UNUSED_VARIABLE = YES;
				IPHONEOS_DEPLOYMENT_TARGET = 7.0;
				ONLY_ACTIVE_ARCH = YES;
				SDKROOT = iphoneos;
			};
			name = Debug;
		};
		26A7EDD618163DF200EB6EB6 /* Release */ = {
			isa = XCBuildConfiguration;
			buildSettings = {
				ALWAYS_SEARCH_USER_PATHS = NO;
				ARCHS = "$(ARCHS_STANDARD_INCLUDING_64_BIT)";
				CLANG_CXX_LANGUAGE_STANDARD = "gnu++0x";
				CLANG_CXX_LIBRARY = "libc++";
				CLANG_ENABLE_MODULES = YES;
				CLANG_ENABLE_OBJC_ARC = YES;
				CLANG_WARN_BOOL_CONVERSION = YES;
				CLANG_WARN_CONSTANT_CONVERSION = YES;
				CLANG_WARN_DIRECT_OBJC_ISA_USAGE = YES_ERROR;
				CLANG_WARN_EMPTY_BODY = YES;
				CLANG_WARN_ENUM_CONVERSION = YES;
				CLANG_WARN_INT_CONVERSION = YES;
				CLANG_WARN_OBJC_ROOT_CLASS = YES_ERROR;
				CLANG_WARN__DUPLICATE_METHOD_MATCH = YES;
				"CODE_SIGN_IDENTITY[sdk=iphoneos*]" = "iPhone Developer";
				COPY_PHASE_STRIP = YES;
				ENABLE_NS_ASSERTIONS = NO;
				GCC_C_LANGUAGE_STANDARD = gnu99;
				GCC_WARN_64_TO_32_BIT_CONVERSION = YES;
				GCC_WARN_ABOUT_RETURN_TYPE = YES_ERROR;
				GCC_WARN_UNDECLARED_SELECTOR = YES;
				GCC_WARN_UNINITIALIZED_AUTOS = YES;
				GCC_WARN_UNUSED_FUNCTION = YES;
				GCC_WARN_UNUSED_VARIABLE = YES;
				IPHONEOS_DEPLOYMENT_TARGET = 7.0;
				SDKROOT = iphoneos;
				VALIDATE_PRODUCT = YES;
			};
			name = Release;
		};
		26A7EDD818163DF200EB6EB6 /* Debug */ = {
			isa = XCBuildConfiguration;
			buildSettings = {
				ASSETCATALOG_COMPILER_APPICON_NAME = AppIcon;
				ASSETCATALOG_COMPILER_LAUNCHIMAGE_NAME = LaunchImage;
				GCC_PRECOMPILE_PREFIX_HEADER = YES;
				GCC_PREFIX_HEADER = "Git Test/Git Test-Prefix.pch";
				INFOPLIST_FILE = "Git Test/Git Test-Info.plist";
				PRODUCT_NAME = "$(TARGET_NAME)";
				WRAPPER_EXTENSION = app;
			};
			name = Debug;
		};
		26A7EDD918163DF200EB6EB6 /* Release */ = {
			isa = XCBuildConfiguration;
			buildSettings = {
				ASSETCATALOG_COMPILER_APPICON_NAME = AppIcon;
				ASSETCATALOG_COMPILER_LAUNCHIMAGE_NAME = LaunchImage;
				GCC_PRECOMPILE_PREFIX_HEADER = YES;
				GCC_PREFIX_HEADER = "Git Test/Git Test-Prefix.pch";
				INFOPLIST_FILE = "Git Test/Git Test-Info.plist";
				PRODUCT_NAME = "$(TARGET_NAME)";
				WRAPPER_EXTENSION = app;
			};
			name = Release;
		};
		26A7EDDB18163DF200EB6EB6 /* Debug */ = {
			isa = XCBuildConfiguration;
			buildSettings = {
				ARCHS = "$(ARCHS_STANDARD_INCLUDING_64_BIT)";
				BUNDLE_LOADER = "$(BUILT_PRODUCTS_DIR)/Git Test.app/Git Test";
				FRAMEWORK_SEARCH_PATHS = (
					"$(SDKROOT)/Developer/Library/Frameworks",
					"$(inherited)",
					"$(DEVELOPER_FRAMEWORKS_DIR)",
				);
				GCC_PRECOMPILE_PREFIX_HEADER = YES;
				GCC_PREFIX_HEADER = "Git Test/Git Test-Prefix.pch";
				GCC_PREPROCESSOR_DEFINITIONS = (
					"DEBUG=1",
					"$(inherited)",
				);
				INFOPLIST_FILE = "Git TestTests/Git TestTests-Info.plist";
				PRODUCT_NAME = "$(TARGET_NAME)";
				TEST_HOST = "$(BUNDLE_LOADER)";
				WRAPPER_EXTENSION = xctest;
			};
			name = Debug;
		};
		26A7EDDC18163DF200EB6EB6 /* Release */ = {
			isa = XCBuildConfiguration;
			buildSettings = {
				ARCHS = "$(ARCHS_STANDARD_INCLUDING_64_BIT)";
				BUNDLE_LOADER = "$(BUILT_PRODUCTS_DIR)/Git Test.app/Git Test";
				FRAMEWORK_SEARCH_PATHS = (
					"$(SDKROOT)/Developer/Library/Frameworks",
					"$(inherited)",
					"$(DEVELOPER_FRAMEWORKS_DIR)",
				);
				GCC_PRECOMPILE_PREFIX_HEADER = YES;
				GCC_PREFIX_HEADER = "Git Test/Git Test-Prefix.pch";
				INFOPLIST_FILE = "Git TestTests/Git TestTests-Info.plist";
				PRODUCT_NAME = "$(TARGET_NAME)";
				TEST_HOST = "$(BUNDLE_LOADER)";
				WRAPPER_EXTENSION = xctest;
			};
			name = Release;
		};
/* End XCBuildConfiguration section */

/* Begin XCConfigurationList section */
		26A7EDA018163DF000EB6EB6 /* Build configuration list for PBXProject "Git Test" */ = {
			isa = XCConfigurationList;
			buildConfigurations = (
				26A7EDD518163DF200EB6EB6 /* Debug */,
				26A7EDD618163DF200EB6EB6 /* Release */,
			);
			defaultConfigurationIsVisible = 0;
			defaultConfigurationName = Release;
		};
		26A7EDD718163DF200EB6EB6 /* Build configuration list for PBXNativeTarget "Git Test" */ = {
			isa = XCConfigurationList;
			buildConfigurations = (
				26A7EDD818163DF200EB6EB6 /* Debug */,
				26A7EDD918163DF200EB6EB6 /* Release */,
			);
			defaultConfigurationIsVisible = 0;
		};
		26A7EDDA18163DF200EB6EB6 /* Build configuration list for PBXNativeTarget "Git TestTests" */ = {
			isa = XCConfigurationList;
			buildConfigurations = (
				26A7EDDB18163DF200EB6EB6 /* Debug */,
				26A7EDDC18163DF200EB6EB6 /* Release */,
			);
			defaultConfigurationIsVisible = 0;
		};
/* End XCConfigurationList section */
	};
	rootObject = 26A7ED9D18163DF000EB6EB6 /* Project object */;
}
